
Microsoft Visual Studio Solution File, Format Version 12.00
# Visual Studio Version 17
VisualStudioVersion = 17.14.37111.16 d17.14
MinimumVisualStudioVersion = 10.0.40219.1
Project("{FAE04EC0-301F-11D3-BF4B-00C04F79EFBC}") = "TestStudio2", "TestStudio2.csproj", "{AAFE5741-1C2B-408B-81FF-936BD6AB5231}"
EndProject
Global
	GlobalSection(SolutionConfigurationPlatforms) = preSolution
		Debug|Any CPU = Debug|Any CPU
		Release|Any CPU = Release|Any CPU
	EndGlobalSection
	GlobalSection(ProjectConfigurationPlatforms) = postSolution
		{AAFE5741-1C2B-408B-81FF-936BD6AB5231}.Debug|Any CPU.ActiveCfg = Debug|Any CPU
		{AAFE5741-1C2B-408B-81FF-936BD6AB5231}.Debug|Any CPU.Build.0 = Debug|Any CPU
		{AAFE5741-1C2B-408B-81FF-936BD6AB5231}.Release|Any CPU.ActiveCfg = Release|Any CPU
		{AAFE5741-1C2B-408B-81FF-936BD6AB5231}.Release|Any CPU.Build.0 = Release|Any CPU
	EndGlobalSection
	GlobalSection(SolutionProperties) = preSolution
		HideSolutionNode = FALSE
	EndGlobalSection
	GlobalSection(ExtensibilityGlobals) = postSolution
		SolutionGuid = {C942ABF9-8FB3-4FB8-BF73-B3D001275EA5}
	EndGlobalSection
EndGlobal
